
Microsoft Visual Studio Solution File, Format Version 12.00
# Visual Studio Version 17
VisualStudioVersion = 17.6.33829.357
MinimumVisualStudioVersion = 10.0.40219.1
Project("{FAE04EC0-301F-11D3-BF4B-00C04F79EFBC}") = "Task1", "Task1\Task1.csproj", "{161A3B7B-9099-412A-9FA6-F504EFA94616}"
EndProject
Project("{FAE04EC0-301F-11D3-BF4B-00C04F79EFBC}") = "Task2", "Task2\Task2.csproj", "{47EAAFE2-B73D-447C-BFB4-A967CE137EB3}"
EndProject
Project("{FAE04EC0-301F-11D3-BF4B-00C04F79EFBC}") = "Task3", "Task3\Task3.csproj", "{A1EB7A7C-10FB-40A0-A6FB-5995FD02C9A4}"
EndProject
Global
	GlobalSection(SolutionConfigurationPlatforms) = preSolution
		Debug|Any CPU = Debug|Any CPU
		Release|Any CPU = Release|Any CPU
	EndGlobalSection
	GlobalSection(ProjectConfigurationPlatforms) = postSolution
		{161A3B7B-9099-412A-9FA6-F504EFA94616}.Debug|Any CPU.ActiveCfg = Debug|Any CPU
		{161A3B7B-9099-412A-9FA6-F504EFA94616}.Debug|Any CPU.Build.0 = Debug|Any CPU
		{161A3B7B-9099-412A-9FA6-F504EFA94616}.Release|Any CPU.ActiveCfg = Release|Any CPU
		{161A3B7B-9099-412A-9FA6-F504EFA94616}.Release|Any CPU.Build.0 = Release|Any CPU
		{47EAAFE2-B73D-447C-BFB4-A967CE137EB3}.Debug|Any CPU.ActiveCfg = Debug|Any CPU
		{47EAAFE2-B73D-447C-BFB4-A967CE137EB3}.Debug|Any CPU.Build.0 = Debug|Any CPU
		{47EAAFE2-B73D-447C-BFB4-A967CE137EB3}.Release|Any CPU.ActiveCfg = Release|Any CPU
		{47EAAFE2-B73D-447C-BFB4-A967CE137EB3}.Release|Any CPU.Build.0 = Release|Any CPU
		{A1EB7A7C-10FB-40A0-A6FB-5995FD02C9A4}.Debug|Any CPU.ActiveCfg = Debug|Any CPU
		{A1EB7A7C-10FB-40A0-A6FB-5995FD02C9A4}.Debug|Any CPU.Build.0 = Debug|Any CPU
		{A1EB7A7C-10FB-40A0-A6FB-5995FD02C9A4}.Release|Any CPU.ActiveCfg = Release|Any CPU
		{A1EB7A7C-10FB-40A0-A6FB-5995FD02C9A4}.Release|Any CPU.Build.0 = Release|Any CPU
	EndGlobalSection
	GlobalSection(SolutionProperties) = preSolution
		HideSolutionNode = FALSE
	EndGlobalSection
	GlobalSection(ExtensibilityGlobals) = postSolution
		SolutionGuid = {5F91F764-8322-400F-AF91-2E07664932A4}
	EndGlobalSection
EndGlobal
