
Microsoft Visual Studio Solution File, Format Version 12.00
# Visual Studio Version 17
VisualStudioVersion = 17.6.33829.357
MinimumVisualStudioVersion = 10.0.40219.1
Project("{FAE04EC0-301F-11D3-BF4B-00C04F79EFBC}") = "InstagramEmulator", "InstagramEmulator\InstagramEmulator.csproj", "{B9A04D0B-610D-4F6D-8A43-F2DD8C69A57E}"
EndProject
Global
	GlobalSection(SolutionConfigurationPlatforms) = preSolution
		Debug|Any CPU = Debug|Any CPU
		Release|Any CPU = Release|Any CPU
	EndGlobalSection
	GlobalSection(ProjectConfigurationPlatforms) = postSolution
		{B9A04D0B-610D-4F6D-8A43-F2DD8C69A57E}.Debug|Any CPU.ActiveCfg = Debug|Any CPU
		{B9A04D0B-610D-4F6D-8A43-F2DD8C69A57E}.Debug|Any CPU.Build.0 = Debug|Any CPU
		{B9A04D0B-610D-4F6D-8A43-F2DD8C69A57E}.Release|Any CPU.ActiveCfg = Release|Any CPU
		{B9A04D0B-610D-4F6D-8A43-F2DD8C69A57E}.Release|Any CPU.Build.0 = Release|Any CPU
	EndGlobalSection
	GlobalSection(SolutionProperties) = preSolution
		HideSolutionNode = FALSE
	EndGlobalSection
	GlobalSection(ExtensibilityGlobals) = postSolution
		SolutionGuid = {76E57564-5243-43B8-A0E4-3E32BEA0423F}
	EndGlobalSection
EndGlobal
